
Microsoft Visual Studio Solution File, Format Version 12.00
# Visual Studio Version 17
VisualStudioVersion = 17.5.33402.96
MinimumVisualStudioVersion = 10.0.40219.1
Project("{8BC9CEB8-8B4A-11D0-8D11-00A0C91BC942}") = "pratice20233265", "pratice20233265.vcxproj", "{EF92CBE0-BCB8-4488-92C3-72FAE49A7861}"
EndProject
Global
	GlobalSection(SolutionConfigurationPlatforms) = preSolution
		Debug|x64 = Debug|x64
		Debug|x86 = Debug|x86
		Release|x64 = Release|x64
		Release|x86 = Release|x86
	EndGlobalSection
	GlobalSection(ProjectConfigurationPlatforms) = postSolution
		{EF92CBE0-BCB8-4488-92C3-72FAE49A7861}.Debug|x64.ActiveCfg = Debug|x64
		{EF92CBE0-BCB8-4488-92C3-72FAE49A7861}.Debug|x64.Build.0 = Debug|x64
		{EF92CBE0-BCB8-4488-92C3-72FAE49A7861}.Debug|x86.ActiveCfg = Debug|Win32
		{EF92CBE0-BCB8-4488-92C3-72FAE49A7861}.Debug|x86.Build.0 = Debug|Win32
		{EF92CBE0-BCB8-4488-92C3-72FAE49A7861}.Release|x64.ActiveCfg = Release|x64
		{EF92CBE0-BCB8-4488-92C3-72FAE49A7861}.Release|x64.Build.0 = Release|x64
		{EF92CBE0-BCB8-4488-92C3-72FAE49A7861}.Release|x86.ActiveCfg = Release|Win32
		{EF92CBE0-BCB8-4488-92C3-72FAE49A7861}.Release|x86.Build.0 = Release|Win32
	EndGlobalSection
	GlobalSection(SolutionProperties) = preSolution
		HideSolutionNode = FALSE
	EndGlobalSection
	GlobalSection(ExtensibilityGlobals) = postSolution
		SolutionGuid = {26572CB7-A264-4B20-9626-A23505A956FE}
	EndGlobalSection
EndGlobal
